{
  "originHash" : "9b2326442312212c210534f4d5421bd49d27dfbff25721b06085bb008d31d137",
  "pins" : [
    {
      "identity" : "hotswiftui",
      "kind" : "remoteSourceControl",
      "location" : "https://github.com/johnno1962/HotSwiftUI.git",
      "state" : {
        "revision" : "9e701abd2da67c7cfac5b70ae6f225fa92a1c7bc",
        "version" : "1.2.4"
      }
    },
    {
      "identity" : "kingfisher",
      "kind" : "remoteSourceControl",
      "location" : "https://github.com/onevcat/Kingfisher.git",
      "state" : {
        "revision" : "c92b84898e34ab46ff0dad86c02a0acbe2d87008",
        "version" : "8.8.0"
      }
    }
  ],
  "version" : 3
}
